
Microsoft Visual Studio Solution File, Format Version 12.00
# Visual Studio 14
VisualStudioVersion = 14.0.25123.0
MinimumVisualStudioVersion = 10.0.40219.1
Project("{FAE04EC0-301F-11D3-BF4B-00C04F79EFBC}") = "thumbnailExtractor", "thumbnailExtractor\thumbnailExtractor.csproj", "{89867CC5-5B22-46D9-809D-EF8A65442CD8}"
EndProject
Project("{FAE04EC0-301F-11D3-BF4B-00C04F79EFBC}") = "thumbnailExtractorTests", "thumbnailExtractorTests\thumbnailExtractorTests.csproj", "{2CA78483-B5C9-4907-8983-EB89DA4C75F8}"
EndProject
Global
	GlobalSection(SolutionConfigurationPlatforms) = preSolution
		Debug|Any CPU = Debug|Any CPU
		Release|Any CPU = Release|Any CPU
	EndGlobalSection
	GlobalSection(ProjectConfigurationPlatforms) = postSolution
		{89867CC5-5B22-46D9-809D-EF8A65442CD8}.Debug|Any CPU.ActiveCfg = Debug|Any CPU
		{89867CC5-5B22-46D9-809D-EF8A65442CD8}.Debug|Any CPU.Build.0 = Debug|Any CPU
		{89867CC5-5B22-46D9-809D-EF8A65442CD8}.Release|Any CPU.ActiveCfg = Release|Any CPU
		{89867CC5-5B22-46D9-809D-EF8A65442CD8}.Release|Any CPU.Build.0 = Release|Any CPU
		{2CA78483-B5C9-4907-8983-EB89DA4C75F8}.Debug|Any CPU.ActiveCfg = Debug|Any CPU
		{2CA78483-B5C9-4907-8983-EB89DA4C75F8}.Debug|Any CPU.Build.0 = Debug|Any CPU
		{2CA78483-B5C9-4907-8983-EB89DA4C75F8}.Release|Any CPU.ActiveCfg = Release|Any CPU
		{2CA78483-B5C9-4907-8983-EB89DA4C75F8}.Release|Any CPU.Build.0 = Release|Any CPU
	EndGlobalSection
	GlobalSection(SolutionProperties) = preSolution
		HideSolutionNode = FALSE
	EndGlobalSection
EndGlobal
